
Microsoft Visual Studio Solution File, Format Version 12.00
# Visual Studio Version 16
VisualStudioVersion = 16.0.30804.86
MinimumVisualStudioVersion = 10.0.40219.1
Project("{8BC9CEB8-8B4A-11D0-8D11-00A0C91BC942}") = "FileServer", "FileServer\FileServer.vcxproj", "{32BC1CFD-14D4-4899-8967-AD9E00FFA112}"
EndProject
Project("{8BC9CEB8-8B4A-11D0-8D11-00A0C91BC942}") = "HttpLib", "HttpLib\HttpLib.vcxproj", "{568640C8-7688-4473-B071-4018D291E0B4}"
EndProject
Global
	GlobalSection(SolutionConfigurationPlatforms) = preSolution
		Debug|x64 = Debug|x64
		Debug|x86 = Debug|x86
		Release|x64 = Release|x64
		Release|x86 = Release|x86
	EndGlobalSection
	GlobalSection(ProjectConfigurationPlatforms) = postSolution
		{32BC1CFD-14D4-4899-8967-AD9E00FFA112}.Debug|x64.ActiveCfg = Debug|x64
		{32BC1CFD-14D4-4899-8967-AD9E00FFA112}.Debug|x64.Build.0 = Debug|x64
		{32BC1CFD-14D4-4899-8967-AD9E00FFA112}.Debug|x86.ActiveCfg = Debug|Win32
		{32BC1CFD-14D4-4899-8967-AD9E00FFA112}.Debug|x86.Build.0 = Debug|Win32
		{32BC1CFD-14D4-4899-8967-AD9E00FFA112}.Release|x64.ActiveCfg = Release|x64
		{32BC1CFD-14D4-4899-8967-AD9E00FFA112}.Release|x64.Build.0 = Release|x64
		{32BC1CFD-14D4-4899-8967-AD9E00FFA112}.Release|x86.ActiveCfg = Release|Win32
		{32BC1CFD-14D4-4899-8967-AD9E00FFA112}.Release|x86.Build.0 = Release|Win32
		{568640C8-7688-4473-B071-4018D291E0B4}.Debug|x64.ActiveCfg = Debug|x64
		{568640C8-7688-4473-B071-4018D291E0B4}.Debug|x64.Build.0 = Debug|x64
		{568640C8-7688-4473-B071-4018D291E0B4}.Debug|x86.ActiveCfg = Debug|Win32
		{568640C8-7688-4473-B071-4018D291E0B4}.Debug|x86.Build.0 = Debug|Win32
		{568640C8-7688-4473-B071-4018D291E0B4}.Release|x64.ActiveCfg = Release|x64
		{568640C8-7688-4473-B071-4018D291E0B4}.Release|x64.Build.0 = Release|x64
		{568640C8-7688-4473-B071-4018D291E0B4}.Release|x86.ActiveCfg = Release|Win32
		{568640C8-7688-4473-B071-4018D291E0B4}.Release|x86.Build.0 = Release|Win32
	EndGlobalSection
	GlobalSection(SolutionProperties) = preSolution
		HideSolutionNode = FALSE
	EndGlobalSection
	GlobalSection(ExtensibilityGlobals) = postSolution
		SolutionGuid = {897D5C43-6319-430A-91F8-DB2302638F06}
	EndGlobalSection
EndGlobal
